
Microsoft Visual Studio Solution File, Format Version 12.00
# Visual Studio Version 17
VisualStudioVersion = 17.14.36623.8 d17.14
MinimumVisualStudioVersion = 10.0.40219.1
Project("{FAE04EC0-301F-11D3-BF4B-00C04F79EFBC}") = "MVC_WebApp", "MVC_WebApp\MVC_WebApp.csproj", "{19E333D9-5100-4E76-9B1A-20E0F6F57CB9}"
EndProject
Project("{FAE04EC0-301F-11D3-BF4B-00C04F79EFBC}") = "MVC_Bll", "MVC_Bll\MVC_Bll.csproj", "{52665728-D138-48E3-90C5-996C94565F93}"
EndProject
Project("{FAE04EC0-301F-11D3-BF4B-00C04F79EFBC}") = "MVC_Dll", "MVC_Dll\MVC_Dll.csproj", "{BD7B1E9D-64ED-439B-BAD3-6E3F3F0FFE6B}"
EndProject
Global
	GlobalSection(SolutionConfigurationPlatforms) = preSolution
		Debug|Any CPU = Debug|Any CPU
		Release|Any CPU = Release|Any CPU
	EndGlobalSection
	GlobalSection(ProjectConfigurationPlatforms) = postSolution
		{19E333D9-5100-4E76-9B1A-20E0F6F57CB9}.Debug|Any CPU.ActiveCfg = Debug|Any CPU
		{19E333D9-5100-4E76-9B1A-20E0F6F57CB9}.Debug|Any CPU.Build.0 = Debug|Any CPU
		{19E333D9-5100-4E76-9B1A-20E0F6F57CB9}.Release|Any CPU.ActiveCfg = Release|Any CPU
		{19E333D9-5100-4E76-9B1A-20E0F6F57CB9}.Release|Any CPU.Build.0 = Release|Any CPU
		{52665728-D138-48E3-90C5-996C94565F93}.Debug|Any CPU.ActiveCfg = Debug|Any CPU
		{52665728-D138-48E3-90C5-996C94565F93}.Debug|Any CPU.Build.0 = Debug|Any CPU
		{52665728-D138-48E3-90C5-996C94565F93}.Release|Any CPU.ActiveCfg = Release|Any CPU
		{52665728-D138-48E3-90C5-996C94565F93}.Release|Any CPU.Build.0 = Release|Any CPU
		{BD7B1E9D-64ED-439B-BAD3-6E3F3F0FFE6B}.Debug|Any CPU.ActiveCfg = Debug|Any CPU
		{BD7B1E9D-64ED-439B-BAD3-6E3F3F0FFE6B}.Debug|Any CPU.Build.0 = Debug|Any CPU
		{BD7B1E9D-64ED-439B-BAD3-6E3F3F0FFE6B}.Release|Any CPU.ActiveCfg = Release|Any CPU
		{BD7B1E9D-64ED-439B-BAD3-6E3F3F0FFE6B}.Release|Any CPU.Build.0 = Release|Any CPU
	EndGlobalSection
	GlobalSection(SolutionProperties) = preSolution
		HideSolutionNode = FALSE
	EndGlobalSection
	GlobalSection(ExtensibilityGlobals) = postSolution
		SolutionGuid = {0585A1FE-A565-4B82-A6B9-71616C49B05A}
	EndGlobalSection
EndGlobal
